<?xml version="1.0" encoding="utf-8"?>
<Project ToolsVersion="4.0" xmlns="http://schemas.microsoft.com/developer/msbuild/2003">
  <ItemGroup>
    <Filter Include="GLSL">
      <UniqueIdentifier>{c0651d2e-f25e-4a36-8a4c-1395c6af4f97}</UniqueIdentifier>
    </Filter>
    <Filter Include="Define">
      <UniqueIdentifier>{92c1a8a8-07d7-46a4-aad2-4a9523dafbe2}</UniqueIdentifier>
    </Filter>
    <Filter Include="CShaderManager">
      <UniqueIdentifier>{2893b8b8-c289-45c3-9621-323dcbb1c963}</UniqueIdentifier>
    </Filter>
    <Filter Include="CShapeDataMgr">
      <UniqueIdentifier>{78b66030-af0a-44d9-9368-654babb3c3fb}</UniqueIdentifier>
    </Filter>
    <Filter Include="Struct">
      <UniqueIdentifier>{f658d6aa-59c9-447c-9fee-fc8a262b7097}</UniqueIdentifier>
    </Filter>
    <Filter Include="resource">
      <UniqueIdentifier>{92090633-3a46-4ecd-84a6-abe7b60ff993}</UniqueIdentifier>
    </Filter>
    <Filter Include="Main">
      <UniqueIdentifier>{5c04099a-d61c-4299-9374-43159c59e62c}</UniqueIdentifier>
    </Filter>
    <Filter Include="callback">
      <UniqueIdentifier>{79589b0c-8236-4e60-bcac-23afebaf527e}</UniqueIdentifier>
    </Filter>
  </ItemGroup>
  <ItemGroup>
    <ClCompile Include="Main.cpp">
      <Filter>Main</Filter>
    </ClCompile>
    <ClCompile Include="CShaderMgr.cpp">
      <Filter>CShaderManager</Filter>
    </ClCompile>
    <ClCompile Include="Struct.cpp">
      <Filter>Struct</Filter>
    </ClCompile>
    <ClCompile Include="CShapeDataMgr.cpp">
      <Filter>CShapeDataMgr</Filter>
    </ClCompile>
    <ClCompile Include="Resource.cpp">
      <Filter>resource</Filter>
    </ClCompile>
  </ItemGroup>
  <ItemGroup>
    <ClInclude Include="CShaderMgr.h">
      <Filter>CShaderManager</Filter>
    </ClInclude>
    <ClInclude Include="Define.h">
      <Filter>Define</Filter>
    </ClInclude>
    <ClInclude Include="Struct.h">
      <Filter>Struct</Filter>
    </ClInclude>
    <ClInclude Include="CShapeDataMgr.h">
      <Filter>CShapeDataMgr</Filter>
    </ClInclude>
    <ClInclude Include="Resource.h">
      <Filter>resource</Filter>
    </ClInclude>
  </ItemGroup>
  <ItemGroup>
    <None Include="glsl\Fragment_texture.glsl">
      <Filter>GLSL</Filter>
    </None>
    <None Include="glsl\Vertex_texture.glsl">
      <Filter>GLSL</Filter>
    </None>
  </ItemGroup>
</Project>